
Microsoft Visual Studio Solution File, Format Version 12.00
# Visual Studio Version 16
VisualStudioVersion = 16.0.31702.278
MinimumVisualStudioVersion = 10.0.40219.1
Project("{00D1A9C2-B5F0-4AF3-8072-F6C62B433612}") = "TimsDinerDB", "TimsDinerDB\TimsDinerDB.sqlproj", "{B2F6573E-CDC4-4F6C-A7F6-A41970012017}"
EndProject
Project("{FAE04EC0-301F-11D3-BF4B-00C04F79EFBC}") = "DataLibrary", "DataLibrary\DataLibrary.csproj", "{6AB5C40B-576B-4C62-A6CB-35CD47150C2A}"
EndProject
Global
	GlobalSection(SolutionConfigurationPlatforms) = preSolution
		Debug|Any CPU = Debug|Any CPU
		Release|Any CPU = Release|Any CPU
	EndGlobalSection
	GlobalSection(ProjectConfigurationPlatforms) = postSolution
		{B2F6573E-CDC4-4F6C-A7F6-A41970012017}.Debug|Any CPU.ActiveCfg = Debug|Any CPU
		{B2F6573E-CDC4-4F6C-A7F6-A41970012017}.Debug|Any CPU.Build.0 = Debug|Any CPU
		{B2F6573E-CDC4-4F6C-A7F6-A41970012017}.Debug|Any CPU.Deploy.0 = Debug|Any CPU
		{B2F6573E-CDC4-4F6C-A7F6-A41970012017}.Release|Any CPU.ActiveCfg = Release|Any CPU
		{B2F6573E-CDC4-4F6C-A7F6-A41970012017}.Release|Any CPU.Build.0 = Release|Any CPU
		{B2F6573E-CDC4-4F6C-A7F6-A41970012017}.Release|Any CPU.Deploy.0 = Release|Any CPU
		{6AB5C40B-576B-4C62-A6CB-35CD47150C2A}.Debug|Any CPU.ActiveCfg = Debug|Any CPU
		{6AB5C40B-576B-4C62-A6CB-35CD47150C2A}.Debug|Any CPU.Build.0 = Debug|Any CPU
		{6AB5C40B-576B-4C62-A6CB-35CD47150C2A}.Release|Any CPU.ActiveCfg = Release|Any CPU
		{6AB5C40B-576B-4C62-A6CB-35CD47150C2A}.Release|Any CPU.Build.0 = Release|Any CPU
	EndGlobalSection
	GlobalSection(SolutionProperties) = preSolution
		HideSolutionNode = FALSE
	EndGlobalSection
	GlobalSection(ExtensibilityGlobals) = postSolution
		SolutionGuid = {FE4772F6-6039-4CEE-83AC-F5B634FA4DB7}
	EndGlobalSection
EndGlobal
