
Microsoft Visual Studio Solution File, Format Version 12.00
# Visual Studio Version 17
VisualStudioVersion = 17.4.33103.184
MinimumVisualStudioVersion = 10.0.40219.1
Project("{FAE04EC0-301F-11D3-BF4B-00C04F79EFBC}") = "BlazorApiClient", "BlazorApiClient\BlazorApiClient.csproj", "{56184ACB-8A63-49A6-9548-731AC1F55002}"
EndProject
Global
	GlobalSection(SolutionConfigurationPlatforms) = preSolution
		Debug|Any CPU = Debug|Any CPU
		Release|Any CPU = Release|Any CPU
	EndGlobalSection
	GlobalSection(ProjectConfigurationPlatforms) = postSolution
		{56184ACB-8A63-49A6-9548-731AC1F55002}.Debug|Any CPU.ActiveCfg = Debug|Any CPU
		{56184ACB-8A63-49A6-9548-731AC1F55002}.Debug|Any CPU.Build.0 = Debug|Any CPU
		{56184ACB-8A63-49A6-9548-731AC1F55002}.Release|Any CPU.ActiveCfg = Release|Any CPU
		{56184ACB-8A63-49A6-9548-731AC1F55002}.Release|Any CPU.Build.0 = Release|Any CPU
	EndGlobalSection
	GlobalSection(SolutionProperties) = preSolution
		HideSolutionNode = FALSE
	EndGlobalSection
	GlobalSection(ExtensibilityGlobals) = postSolution
		SolutionGuid = {D19C97CA-6F73-4FE8-BCE2-E0E1F636E60A}
	EndGlobalSection
EndGlobal
